
Microsoft Visual Studio Solution File, Format Version 12.00
# Visual Studio Version 16
VisualStudioVersion = 16.0.30011.22
MinimumVisualStudioVersion = 10.0.40219.1
Project("{FAE04EC0-301F-11D3-BF4B-00C04F79EFBC}") = "Sankyo", "Sankyo.csproj", "{FF4D70AE-CD63-46A8-94C2-4BF4F897C74E}"
EndProject
Global
	GlobalSection(SolutionConfigurationPlatforms) = preSolution
		Debug|Any CPU = Debug|Any CPU
		Release|Any CPU = Release|Any CPU
	EndGlobalSection
	GlobalSection(ProjectConfigurationPlatforms) = postSolution
		{FF4D70AE-CD63-46A8-94C2-4BF4F897C74E}.Debug|Any CPU.ActiveCfg = Debug|Any CPU
		{FF4D70AE-CD63-46A8-94C2-4BF4F897C74E}.Debug|Any CPU.Build.0 = Debug|Any CPU
		{FF4D70AE-CD63-46A8-94C2-4BF4F897C74E}.Release|Any CPU.ActiveCfg = Release|Any CPU
		{FF4D70AE-CD63-46A8-94C2-4BF4F897C74E}.Release|Any CPU.Build.0 = Release|Any CPU
	EndGlobalSection
	GlobalSection(SolutionProperties) = preSolution
		HideSolutionNode = FALSE
	EndGlobalSection
	GlobalSection(ExtensibilityGlobals) = postSolution
		SolutionGuid = {69300CE5-2342-411E-8A9C-8858BCF399EF}
	EndGlobalSection
EndGlobal
